
Microsoft Visual Studio Solution File, Format Version 12.00
# Visual Studio Version 17
VisualStudioVersion = 17.1.32414.318
MinimumVisualStudioVersion = 10.0.40219.1
Project("{9A19103F-16F7-4668-BE54-9A1E7A4F7556}") = "JeremyAnsel.DirectX.DXMath", "JeremyAnsel.DirectX.DXMath\JeremyAnsel.DirectX.DXMath.csproj", "{A723D96B-C0AE-4F4C-BD31-D0E32D165D97}"
EndProject
Project("{9A19103F-16F7-4668-BE54-9A1E7A4F7556}") = "JeremyAnsel.DirectX.Dxgi", "JeremyAnsel.DirectX.Dxgi\JeremyAnsel.DirectX.Dxgi.csproj", "{71104F97-85BA-447F-8AE1-58FDE4948CCD}"
EndProject
Project("{9A19103F-16F7-4668-BE54-9A1E7A4F7556}") = "JeremyAnsel.DirectX.DWrite", "JeremyAnsel.DirectX.DWrite\JeremyAnsel.DirectX.DWrite.csproj", "{55BE42C4-F93B-4EAA-9EA0-80AB2C119ED4}"
EndProject
Project("{9A19103F-16F7-4668-BE54-9A1E7A4F7556}") = "JeremyAnsel.DirectX.D3DCompiler", "JeremyAnsel.DirectX.D3DCompiler\JeremyAnsel.DirectX.D3DCompiler.csproj", "{71F59C12-7267-4715-8E7E-B409021433A3}"
EndProject
Project("{9A19103F-16F7-4668-BE54-9A1E7A4F7556}") = "JeremyAnsel.DirectX.D3D11", "JeremyAnsel.DirectX.D3D11\JeremyAnsel.DirectX.D3D11.csproj", "{60386B8A-A4CA-430C-8F28-BD75756F7347}"
EndProject
Project("{9A19103F-16F7-4668-BE54-9A1E7A4F7556}") = "JeremyAnsel.DirectX.D3D10", "JeremyAnsel.DirectX.D3D10\JeremyAnsel.DirectX.D3D10.csproj", "{9A4F21B3-56FF-4A22-9AFC-465049426696}"
EndProject
Project("{9A19103F-16F7-4668-BE54-9A1E7A4F7556}") = "JeremyAnsel.DirectX.D2D1", "JeremyAnsel.DirectX.D2D1\JeremyAnsel.DirectX.D2D1.csproj", "{6DC9B108-0F71-4581-87D4-0C6E39A5D043}"
EndProject
Project("{9A19103F-16F7-4668-BE54-9A1E7A4F7556}") = "Documentation", "Documentation\Documentation.csproj", "{1F48988A-96D8-4E66-8456-79BFCD1A7F02}"
EndProject
Global
	GlobalSection(SolutionConfigurationPlatforms) = preSolution
		Debug|Any CPU = Debug|Any CPU
		Release|Any CPU = Release|Any CPU
	EndGlobalSection
	GlobalSection(ProjectConfigurationPlatforms) = postSolution
		{A723D96B-C0AE-4F4C-BD31-D0E32D165D97}.Debug|Any CPU.ActiveCfg = Debug|Any CPU
		{A723D96B-C0AE-4F4C-BD31-D0E32D165D97}.Debug|Any CPU.Build.0 = Debug|Any CPU
		{A723D96B-C0AE-4F4C-BD31-D0E32D165D97}.Release|Any CPU.ActiveCfg = Release|Any CPU
		{A723D96B-C0AE-4F4C-BD31-D0E32D165D97}.Release|Any CPU.Build.0 = Release|Any CPU
		{71104F97-85BA-447F-8AE1-58FDE4948CCD}.Debug|Any CPU.ActiveCfg = Debug|Any CPU
		{71104F97-85BA-447F-8AE1-58FDE4948CCD}.Debug|Any CPU.Build.0 = Debug|Any CPU
		{71104F97-85BA-447F-8AE1-58FDE4948CCD}.Release|Any CPU.ActiveCfg = Release|Any CPU
		{71104F97-85BA-447F-8AE1-58FDE4948CCD}.Release|Any CPU.Build.0 = Release|Any CPU
		{55BE42C4-F93B-4EAA-9EA0-80AB2C119ED4}.Debug|Any CPU.ActiveCfg = Debug|Any CPU
		{55BE42C4-F93B-4EAA-9EA0-80AB2C119ED4}.Debug|Any CPU.Build.0 = Debug|Any CPU
		{55BE42C4-F93B-4EAA-9EA0-80AB2C119ED4}.Release|Any CPU.ActiveCfg = Release|Any CPU
		{55BE42C4-F93B-4EAA-9EA0-80AB2C119ED4}.Release|Any CPU.Build.0 = Release|Any CPU
		{71F59C12-7267-4715-8E7E-B409021433A3}.Debug|Any CPU.ActiveCfg = Debug|Any CPU
		{71F59C12-7267-4715-8E7E-B409021433A3}.Debug|Any CPU.Build.0 = Debug|Any CPU
		{71F59C12-7267-4715-8E7E-B409021433A3}.Release|Any CPU.ActiveCfg = Release|Any CPU
		{71F59C12-7267-4715-8E7E-B409021433A3}.Release|Any CPU.Build.0 = Release|Any CPU
		{60386B8A-A4CA-430C-8F28-BD75756F7347}.Debug|Any CPU.ActiveCfg = Debug|Any CPU
		{60386B8A-A4CA-430C-8F28-BD75756F7347}.Debug|Any CPU.Build.0 = Debug|Any CPU
		{60386B8A-A4CA-430C-8F28-BD75756F7347}.Release|Any CPU.ActiveCfg = Release|Any CPU
		{60386B8A-A4CA-430C-8F28-BD75756F7347}.Release|Any CPU.Build.0 = Release|Any CPU
		{9A4F21B3-56FF-4A22-9AFC-465049426696}.Debug|Any CPU.ActiveCfg = Debug|Any CPU
		{9A4F21B3-56FF-4A22-9AFC-465049426696}.Debug|Any CPU.Build.0 = Debug|Any CPU
		{9A4F21B3-56FF-4A22-9AFC-465049426696}.Release|Any CPU.ActiveCfg = Release|Any CPU
		{9A4F21B3-56FF-4A22-9AFC-465049426696}.Release|Any CPU.Build.0 = Release|Any CPU
		{6DC9B108-0F71-4581-87D4-0C6E39A5D043}.Debug|Any CPU.ActiveCfg = Debug|Any CPU
		{6DC9B108-0F71-4581-87D4-0C6E39A5D043}.Debug|Any CPU.Build.0 = Debug|Any CPU
		{6DC9B108-0F71-4581-87D4-0C6E39A5D043}.Release|Any CPU.ActiveCfg = Release|Any CPU
		{6DC9B108-0F71-4581-87D4-0C6E39A5D043}.Release|Any CPU.Build.0 = Release|Any CPU
		{1F48988A-96D8-4E66-8456-79BFCD1A7F02}.Debug|Any CPU.ActiveCfg = Debug|Any CPU
		{1F48988A-96D8-4E66-8456-79BFCD1A7F02}.Release|Any CPU.ActiveCfg = Release|Any CPU
		{1F48988A-96D8-4E66-8456-79BFCD1A7F02}.Release|Any CPU.Build.0 = Release|Any CPU
	EndGlobalSection
	GlobalSection(SolutionProperties) = preSolution
		HideSolutionNode = FALSE
	EndGlobalSection
	GlobalSection(ExtensibilityGlobals) = postSolution
		SolutionGuid = {28877111-605E-42FA-BA26-D36B4BDDF241}
	EndGlobalSection
EndGlobal
