
Microsoft Visual Studio Solution File, Format Version 12.00
# Visual Studio 14
VisualStudioVersion = 14.0.24720.0
MinimumVisualStudioVersion = 10.0.40219.1
Project("{FAE04EC0-301F-11D3-BF4B-00C04F79EFBC}") = "JeremyAnsel.DirectX.DXMath", "JeremyAnsel.DirectX.DXMath\JeremyAnsel.DirectX.DXMath.csproj", "{89ACBE01-E1E1-4175-A11F-A78879FEF8CC}"
EndProject
Project("{FAE04EC0-301F-11D3-BF4B-00C04F79EFBC}") = "JeremyAnsel.DirectX.Dxgi", "JeremyAnsel.DirectX.Dxgi\JeremyAnsel.DirectX.Dxgi.csproj", "{28C546E8-0FEC-413D-A951-5C3285196737}"
EndProject
Project("{FAE04EC0-301F-11D3-BF4B-00C04F79EFBC}") = "JeremyAnsel.DirectX.DWrite", "JeremyAnsel.DirectX.DWrite\JeremyAnsel.DirectX.DWrite.csproj", "{599E5AFE-BE53-4B9F-B43C-315A36D5212D}"
EndProject
Project("{FAE04EC0-301F-11D3-BF4B-00C04F79EFBC}") = "JeremyAnsel.DirectX.D2D1", "JeremyAnsel.DirectX.D2D1\JeremyAnsel.DirectX.D2D1.csproj", "{1D1A4809-44C5-47B4-99B0-197140A8CC5F}"
EndProject
Project("{FAE04EC0-301F-11D3-BF4B-00C04F79EFBC}") = "JeremyAnsel.DirectX.D3D10", "JeremyAnsel.DirectX.D3D10\JeremyAnsel.DirectX.D3D10.csproj", "{BDEB53C7-4721-42A7-BCB0-CAA1078A5045}"
EndProject
Project("{FAE04EC0-301F-11D3-BF4B-00C04F79EFBC}") = "JeremyAnsel.DirectX.D3D11", "JeremyAnsel.DirectX.D3D11\JeremyAnsel.DirectX.D3D11.csproj", "{A2B7BA31-34CE-47AC-865D-3529B0D1A9D0}"
EndProject
Global
	GlobalSection(SolutionConfigurationPlatforms) = preSolution
		Debug|Any CPU = Debug|Any CPU
		Release|Any CPU = Release|Any CPU
	EndGlobalSection
	GlobalSection(ProjectConfigurationPlatforms) = postSolution
		{89ACBE01-E1E1-4175-A11F-A78879FEF8CC}.Debug|Any CPU.ActiveCfg = Debug|Any CPU
		{89ACBE01-E1E1-4175-A11F-A78879FEF8CC}.Debug|Any CPU.Build.0 = Debug|Any CPU
		{89ACBE01-E1E1-4175-A11F-A78879FEF8CC}.Release|Any CPU.ActiveCfg = Release|Any CPU
		{89ACBE01-E1E1-4175-A11F-A78879FEF8CC}.Release|Any CPU.Build.0 = Release|Any CPU
		{28C546E8-0FEC-413D-A951-5C3285196737}.Debug|Any CPU.ActiveCfg = Debug|Any CPU
		{28C546E8-0FEC-413D-A951-5C3285196737}.Debug|Any CPU.Build.0 = Debug|Any CPU
		{28C546E8-0FEC-413D-A951-5C3285196737}.Release|Any CPU.ActiveCfg = Release|Any CPU
		{28C546E8-0FEC-413D-A951-5C3285196737}.Release|Any CPU.Build.0 = Release|Any CPU
		{599E5AFE-BE53-4B9F-B43C-315A36D5212D}.Debug|Any CPU.ActiveCfg = Debug|Any CPU
		{599E5AFE-BE53-4B9F-B43C-315A36D5212D}.Debug|Any CPU.Build.0 = Debug|Any CPU
		{599E5AFE-BE53-4B9F-B43C-315A36D5212D}.Release|Any CPU.ActiveCfg = Release|Any CPU
		{599E5AFE-BE53-4B9F-B43C-315A36D5212D}.Release|Any CPU.Build.0 = Release|Any CPU
		{1D1A4809-44C5-47B4-99B0-197140A8CC5F}.Debug|Any CPU.ActiveCfg = Debug|Any CPU
		{1D1A4809-44C5-47B4-99B0-197140A8CC5F}.Debug|Any CPU.Build.0 = Debug|Any CPU
		{1D1A4809-44C5-47B4-99B0-197140A8CC5F}.Release|Any CPU.ActiveCfg = Release|Any CPU
		{1D1A4809-44C5-47B4-99B0-197140A8CC5F}.Release|Any CPU.Build.0 = Release|Any CPU
		{BDEB53C7-4721-42A7-BCB0-CAA1078A5045}.Debug|Any CPU.ActiveCfg = Debug|Any CPU
		{BDEB53C7-4721-42A7-BCB0-CAA1078A5045}.Debug|Any CPU.Build.0 = Debug|Any CPU
		{BDEB53C7-4721-42A7-BCB0-CAA1078A5045}.Release|Any CPU.ActiveCfg = Release|Any CPU
		{BDEB53C7-4721-42A7-BCB0-CAA1078A5045}.Release|Any CPU.Build.0 = Release|Any CPU
		{A2B7BA31-34CE-47AC-865D-3529B0D1A9D0}.Debug|Any CPU.ActiveCfg = Debug|Any CPU
		{A2B7BA31-34CE-47AC-865D-3529B0D1A9D0}.Debug|Any CPU.Build.0 = Debug|Any CPU
		{A2B7BA31-34CE-47AC-865D-3529B0D1A9D0}.Release|Any CPU.ActiveCfg = Release|Any CPU
		{A2B7BA31-34CE-47AC-865D-3529B0D1A9D0}.Release|Any CPU.Build.0 = Release|Any CPU
	EndGlobalSection
	GlobalSection(SolutionProperties) = preSolution
		HideSolutionNode = FALSE
	EndGlobalSection
EndGlobal
